{
  "pins" : [
    {
      "identity" : "aoctools",
      "kind" : "remoteSourceControl",
      "location" : "https://github.com/gereons/AoCTools",
      "state" : {
        "revision" : "19b8a7f6845c9fc89d26c52f09a14f1d7f46b81a",
        "version" : "0.0.45"
      }
    },
    {
      "identity" : "swiftlintplugin",
      "kind" : "remoteSourceControl",
      "location" : "https://github.com/lukepistrol/SwiftLintPlugin",
      "state" : {
        "revision" : "ea6d3ca895b49910f790e98e4b4ca658e0fe490e",
        "version" : "0.54.0"
      }
    }
  ],
  "version" : 2
}
